
Microsoft Visual Studio Solution File, Format Version 12.00
# Visual Studio Version 17
VisualStudioVersion = 17.7.34009.444
MinimumVisualStudioVersion = 10.0.40219.1
Project("{9A19103F-16F7-4668-BE54-9A1E7A4F7556}") = "FornecedorProduto.Api", "FornecedorProduto.Api\FornecedorProduto.Api.csproj", "{E63F1C6A-7E12-490C-B576-97785CF88C1F}"
EndProject
Project("{9A19103F-16F7-4668-BE54-9A1E7A4F7556}") = "FornecedorProduto.Core", "FornecedorProduto.Core\FornecedorProduto.Core.csproj", "{DBD45255-B665-45CD-B9BD-73F1411BDA9B}"
EndProject
Project("{9A19103F-16F7-4668-BE54-9A1E7A4F7556}") = "FornecedorProduto.Infrastructure", "FornecedorProduto.Infrastructure\FornecedorProduto.Infrastructure.csproj", "{39B00767-4F4F-4F28-80BD-AD4BF85FE24A}"
EndProject
Project("{FAE04EC0-301F-11D3-BF4B-00C04F79EFBC}") = "FornecedorProduto.Application", "FornecedorProduto.Application\FornecedorProduto.Application.csproj", "{30F1BDC6-32E4-4A9B-A33F-3C3222D7BAEA}"
EndProject
Global
	GlobalSection(SolutionConfigurationPlatforms) = preSolution
		Debug|Any CPU = Debug|Any CPU
		Release|Any CPU = Release|Any CPU
	EndGlobalSection
	GlobalSection(ProjectConfigurationPlatforms) = postSolution
		{E63F1C6A-7E12-490C-B576-97785CF88C1F}.Debug|Any CPU.ActiveCfg = Debug|Any CPU
		{E63F1C6A-7E12-490C-B576-97785CF88C1F}.Debug|Any CPU.Build.0 = Debug|Any CPU
		{E63F1C6A-7E12-490C-B576-97785CF88C1F}.Release|Any CPU.ActiveCfg = Release|Any CPU
		{E63F1C6A-7E12-490C-B576-97785CF88C1F}.Release|Any CPU.Build.0 = Release|Any CPU
		{DBD45255-B665-45CD-B9BD-73F1411BDA9B}.Debug|Any CPU.ActiveCfg = Debug|Any CPU
		{DBD45255-B665-45CD-B9BD-73F1411BDA9B}.Debug|Any CPU.Build.0 = Debug|Any CPU
		{DBD45255-B665-45CD-B9BD-73F1411BDA9B}.Release|Any CPU.ActiveCfg = Release|Any CPU
		{DBD45255-B665-45CD-B9BD-73F1411BDA9B}.Release|Any CPU.Build.0 = Release|Any CPU
		{39B00767-4F4F-4F28-80BD-AD4BF85FE24A}.Debug|Any CPU.ActiveCfg = Debug|Any CPU
		{39B00767-4F4F-4F28-80BD-AD4BF85FE24A}.Debug|Any CPU.Build.0 = Debug|Any CPU
		{39B00767-4F4F-4F28-80BD-AD4BF85FE24A}.Release|Any CPU.ActiveCfg = Release|Any CPU
		{39B00767-4F4F-4F28-80BD-AD4BF85FE24A}.Release|Any CPU.Build.0 = Release|Any CPU
		{30F1BDC6-32E4-4A9B-A33F-3C3222D7BAEA}.Debug|Any CPU.ActiveCfg = Debug|Any CPU
		{30F1BDC6-32E4-4A9B-A33F-3C3222D7BAEA}.Debug|Any CPU.Build.0 = Debug|Any CPU
		{30F1BDC6-32E4-4A9B-A33F-3C3222D7BAEA}.Release|Any CPU.ActiveCfg = Release|Any CPU
		{30F1BDC6-32E4-4A9B-A33F-3C3222D7BAEA}.Release|Any CPU.Build.0 = Release|Any CPU
	EndGlobalSection
	GlobalSection(SolutionProperties) = preSolution
		HideSolutionNode = FALSE
	EndGlobalSection
	GlobalSection(ExtensibilityGlobals) = postSolution
		SolutionGuid = {5FCFBB9B-EB4D-4AC4-A09D-13D60AA91870}
	EndGlobalSection
EndGlobal
